// !$*UTF8*$!
{
	archiveVersion = 1;
	classes = {
	};
	objectVersion = 55;
	objects = {

/* Begin PBXBuildFile section */
		18E748D7276910280034F9A4 /* AppDelegate.swift in Sources */ = {isa = PBXBuildFile; fileRef = 18E748D6276910280034F9A4 /* AppDelegate.swift */; };
		18E748D9276910280034F9A4 /* SceneDelegate.swift in Sources */ = {isa = PBXBuildFile; fileRef = 18E748D8276910280034F9A4 /* SceneDelegate.swift */; };
		18E748E02769102B0034F9A4 /* Assets.xcassets in Resources */ = {isa = PBXBuildFile; fileRef = 18E748DF2769102B0034F9A4 /* Assets.xcassets */; };
		18E748E32769102B0034F9A4 /* LaunchScreen.storyboard in Resources */ = {isa = PBXBuildFile; fileRef = 18E748E12769102B0034F9A4 /* LaunchScreen.storyboard */; };
		18E748EF276915580034F9A4 /* MainViewController.swift in Sources */ = {isa = PBXBuildFile; fileRef = 18E748EE276915580034F9A4 /* MainViewController.swift */; };
		18E748F32769157F0034F9A4 /* Main.storyboard in Resources */ = {isa = PBXBuildFile; fileRef = 18E748F22769157F0034F9A4 /* Main.storyboard */; };
		18E748F5276A72850034F9A4 /* MainViewModel.swift in Sources */ = {isa = PBXBuildFile; fileRef = 18E748F4276A72850034F9A4 /* MainViewModel.swift */; };
		18E748F8276A734D0034F9A4 /* NetworkManager.swift in Sources */ = {isa = PBXBuildFile; fileRef = 18E748F7276A734D0034F9A4 /* NetworkManager.swift */; };
		18E748FA276A73550034F9A4 /* Response.swift in Sources */ = {isa = PBXBuildFile; fileRef = 18E748F9276A73550034F9A4 /* Response.swift */; };
		18E748FD276A746B0034F9A4 /* List.swift in Sources */ = {isa = PBXBuildFile; fileRef = 18E748FC276A746B0034F9A4 /* List.swift */; };
		18E748FF276A75C70034F9A4 /* Service.swift in Sources */ = {isa = PBXBuildFile; fileRef = 18E748FE276A75C70034F9A4 /* Service.swift */; };
		18E74905276A79880034F9A4 /* NetworkManager+JSON.swift in Sources */ = {isa = PBXBuildFile; fileRef = 18E74904276A79880034F9A4 /* NetworkManager+JSON.swift */; };
		18E74907276A7D950034F9A4 /* DetailViewController.swift in Sources */ = {isa = PBXBuildFile; fileRef = 18E74906276A7D950034F9A4 /* DetailViewController.swift */; };
		18E74909276A7EE70034F9A4 /* DetailViewModel.swift in Sources */ = {isa = PBXBuildFile; fileRef = 18E74908276A7EE70034F9A4 /* DetailViewModel.swift */; };
		AD69BE56AF41E624906A0C76 /* Pods_armut.framework in Frameworks */ = {isa = PBXBuildFile; fileRef = 5757976683FD53F53B44CD5A /* Pods_armut.framework */; };
/* End PBXBuildFile section */

/* Begin PBXFileReference section */
		18E748D3276910280034F9A4 /* armut.app */ = {isa = PBXFileReference; explicitFileType = wrapper.application; includeInIndex = 0; path = armut.app; sourceTree = BUILT_PRODUCTS_DIR; };
		18E748D6276910280034F9A4 /* AppDelegate.swift */ = {isa = PBXFileReference; lastKnownFileType = sourcecode.swift; path = AppDelegate.swift; sourceTree = "<group>"; };
		18E748D8276910280034F9A4 /* SceneDelegate.swift */ = {isa = PBXFileReference; lastKnownFileType = sourcecode.swift; path = SceneDelegate.swift; sourceTree = "<group>"; };
		18E748DF2769102B0034F9A4 /* Assets.xcassets */ = {isa = PBXFileReference; lastKnownFileType = folder.assetcatalog; path = Assets.xcassets; sourceTree = "<group>"; };
		18E748E22769102B0034F9A4 /* Base */ = {isa = PBXFileReference; lastKnownFileType = file.storyboard; name = Base; path = Base.lproj/LaunchScreen.storyboard; sourceTree = "<group>"; };
		18E748E42769102B0034F9A4 /* Info.plist */ = {isa = PBXFileReference; lastKnownFileType = text.plist.xml; path = Info.plist; sourceTree = "<group>"; };
		18E748EE276915580034F9A4 /* MainViewController.swift */ = {isa = PBXFileReference; lastKnownFileType = sourcecode.swift; path = MainViewController.swift; sourceTree = "<group>"; };
		18E748F22769157F0034F9A4 /* Main.storyboard */ = {isa = PBXFileReference; lastKnownFileType = file.storyboard; path = Main.storyboard; sourceTree = "<group>"; };
		18E748F4276A72850034F9A4 /* MainViewModel.swift */ = {isa = PBXFileReference; lastKnownFileType = sourcecode.swift; path = MainViewModel.swift; sourceTree = "<group>"; };
		18E748F7276A734D0034F9A4 /* NetworkManager.swift */ = {isa = PBXFileReference; lastKnownFileType = sourcecode.swift; path = NetworkManager.swift; sourceTree = "<group>"; };
		18E748F9276A73550034F9A4 /* Response.swift */ = {isa = PBXFileReference; lastKnownFileType = sourcecode.swift; path = Response.swift; sourceTree = "<group>"; };
		18E748FC276A746B0034F9A4 /* List.swift */ = {isa = PBXFileReference; lastKnownFileType = sourcecode.swift; path = List.swift; sourceTree = "<group>"; };
		18E748FE276A75C70034F9A4 /* Service.swift */ = {isa = PBXFileReference; lastKnownFileType = sourcecode.swift; path = Service.swift; sourceTree = "<group>"; };
		18E74904276A79880034F9A4 /* NetworkManager+JSON.swift */ = {isa = PBXFileReference; lastKnownFileType = sourcecode.swift; path = "NetworkManager+JSON.swift"; sourceTree = "<group>"; };
		18E74906276A7D950034F9A4 /* DetailViewController.swift */ = {isa = PBXFileReference; lastKnownFileType = sourcecode.swift; path = DetailViewController.swift; sourceTree = "<group>"; };
		18E74908276A7EE70034F9A4 /* DetailViewModel.swift */ = {isa = PBXFileReference; lastKnownFileType = sourcecode.swift; path = DetailViewModel.swift; sourceTree = "<group>"; };
		5757976683FD53F53B44CD5A /* Pods_armut.framework */ = {isa = PBXFileReference; explicitFileType = wrapper.framework; includeInIndex = 0; path = Pods_armut.framework; sourceTree = BUILT_PRODUCTS_DIR; };
		6FB492D2FD98A727F0D7D631 /* Pods-armut.release.xcconfig */ = {isa = PBXFileReference; includeInIndex = 1; lastKnownFileType = text.xcconfig; name = "Pods-armut.release.xcconfig"; path = "Target Support Files/Pods-armut/Pods-armut.release.xcconfig"; sourceTree = "<group>"; };
		9610D1487CA4CB75E2DB8A36 /* Pods-armut.debug.xcconfig */ = {isa = PBXFileReference; includeInIndex = 1; lastKnownFileType = text.xcconfig; name = "Pods-armut.debug.xcconfig"; path = "Target Support Files/Pods-armut/Pods-armut.debug.xcconfig"; sourceTree = "<group>"; };
/* End PBXFileReference section */

/* Begin PBXFrameworksBuildPhase section */
		18E748D0276910280034F9A4 /* Frameworks */ = {
			isa = PBXFrameworksBuildPhase;
			buildActionMask = 2147483647;
			files = (
				AD69BE56AF41E624906A0C76 /* Pods_armut.framework in Frameworks */,
			);
			runOnlyForDeploymentPostprocessing = 0;
		};
/* End PBXFrameworksBuildPhase section */

/* Begin PBXGroup section */
		11051E374C52C8828CEA2568 /* Pods */ = {
			isa = PBXGroup;
			children = (
				9610D1487CA4CB75E2DB8A36 /* Pods-armut.debug.xcconfig */,
				6FB492D2FD98A727F0D7D631 /* Pods-armut.release.xcconfig */,
			);
			path = Pods;
			sourceTree = "<group>";
		};
		18E748CA276910280034F9A4 = {
			isa = PBXGroup;
			children = (
				18E748D5276910280034F9A4 /* armut */,
				18E748D4276910280034F9A4 /* Products */,
				11051E374C52C8828CEA2568 /* Pods */,
				32F035A01E0A6FC512BDF8CB /* Frameworks */,
			);
			sourceTree = "<group>";
		};
		18E748D4276910280034F9A4 /* Products */ = {
			isa = PBXGroup;
			children = (
				18E748D3276910280034F9A4 /* armut.app */,
			);
			name = Products;
			sourceTree = "<group>";
		};
		18E748D5276910280034F9A4 /* armut */ = {
			isa = PBXGroup;
			children = (
				18E74900276A79570034F9A4 /* Extension */,
				18E748FB276A74610034F9A4 /* Core */,
				18E748F6276A73350034F9A4 /* Network */,
				18E748EA276910360034F9A4 /* Model */,
				18E748ED276910560034F9A4 /* Controller */,
				18E748EC276910510034F9A4 /* ViewModel */,
				18E748EB2769104A0034F9A4 /* View */,
				18E748D6276910280034F9A4 /* AppDelegate.swift */,
				18E748D8276910280034F9A4 /* SceneDelegate.swift */,
				18E748DF2769102B0034F9A4 /* Assets.xcassets */,
				18E748E42769102B0034F9A4 /* Info.plist */,
			);
			path = armut;
			sourceTree = "<group>";
		};
		18E748EA276910360034F9A4 /* Model */ = {
			isa = PBXGroup;
			children = (
				18E748FE276A75C70034F9A4 /* Service.swift */,
			);
			path = Model;
			sourceTree = "<group>";
		};
		18E748EB2769104A0034F9A4 /* View */ = {
			isa = PBXGroup;
			children = (
				18E748F22769157F0034F9A4 /* Main.storyboard */,
				18E748E12769102B0034F9A4 /* LaunchScreen.storyboard */,
			);
			path = View;
			sourceTree = "<group>";
		};
		18E748EC276910510034F9A4 /* ViewModel */ = {
			isa = PBXGroup;
			children = (
				18E748F4276A72850034F9A4 /* MainViewModel.swift */,
				18E74908276A7EE70034F9A4 /* DetailViewModel.swift */,
			);
			path = ViewModel;
			sourceTree = "<group>";
		};
		18E748ED276910560034F9A4 /* Controller */ = {
			isa = PBXGroup;
			children = (
				18E748EE276915580034F9A4 /* MainViewController.swift */,
				18E74906276A7D950034F9A4 /* DetailViewController.swift */,
			);
			path = Controller;
			sourceTree = "<group>";
		};
		18E748F6276A73350034F9A4 /* Network */ = {
			isa = PBXGroup;
			children = (
				18E748F7276A734D0034F9A4 /* NetworkManager.swift */,
				18E748F9276A73550034F9A4 /* Response.swift */,
			);
			path = Network;
			sourceTree = "<group>";
		};
		18E748FB276A74610034F9A4 /* Core */ = {
			isa = PBXGroup;
			children = (
				18E748FC276A746B0034F9A4 /* List.swift */,
			);
			path = Core;
			sourceTree = "<group>";
		};
		18E74900276A79570034F9A4 /* Extension */ = {
			isa = PBXGroup;
			children = (
				18E74903276A79790034F9A4 /* NetworkManager */,
			);
			path = Extension;
			sourceTree = "<group>";
		};
		18E74903276A79790034F9A4 /* NetworkManager */ = {
			isa = PBXGroup;
			children = (
				18E74904276A79880034F9A4 /* NetworkManager+JSON.swift */,
			);
			path = NetworkManager;
			sourceTree = "<group>";
		};
		32F035A01E0A6FC512BDF8CB /* Frameworks */ = {
			isa = PBXGroup;
			children = (
				5757976683FD53F53B44CD5A /* Pods_armut.framework */,
			);
			name = Frameworks;
			sourceTree = "<group>";
		};
/* End PBXGroup section */

/* Begin PBXNativeTarget section */
		18E748D2276910280034F9A4 /* armut */ = {
			isa = PBXNativeTarget;
			buildConfigurationList = 18E748E72769102B0034F9A4 /* Build configuration list for PBXNativeTarget "armut" */;
			buildPhases = (
				68DEA1F579DD1A4FBB28AB7D /* [CP] Check Pods Manifest.lock */,
				18E748CF276910280034F9A4 /* Sources */,
				18E748D0276910280034F9A4 /* Frameworks */,
				18E748D1276910280034F9A4 /* Resources */,
				4152D21ABBE6ACF8A55B0437 /* [CP] Embed Pods Frameworks */,
			);
			buildRules = (
			);
			dependencies = (
			);
			name = armut;
			productName = armut;
			productReference = 18E748D3276910280034F9A4 /* armut.app */;
			productType = "com.apple.product-type.application";
		};
/* End PBXNativeTarget section */

/* Begin PBXProject section */
		18E748CB276910280034F9A4 /* Project object */ = {
			isa = PBXProject;
			attributes = {
				BuildIndependentTargetsInParallel = 1;
				LastSwiftUpdateCheck = 1310;
				LastUpgradeCheck = 1310;
				TargetAttributes = {
					18E748D2276910280034F9A4 = {
						CreatedOnToolsVersion = 13.1;
					};
				};
			};
			buildConfigurationList = 18E748CE276910280034F9A4 /* Build configuration list for PBXProject "armut" */;
			compatibilityVersion = "Xcode 13.0";
			developmentRegion = en;
			hasScannedForEncodings = 0;
			knownRegions = (
				en,
				Base,
			);
			mainGroup = 18E748CA276910280034F9A4;
			productRefGroup = 18E748D4276910280034F9A4 /* Products */;
			projectDirPath = "";
			projectRoot = "";
			targets = (
				18E748D2276910280034F9A4 /* armut */,
			);
		};
/* End PBXProject section */

/* Begin PBXResourcesBuildPhase section */
		18E748D1276910280034F9A4 /* Resources */ = {
			isa = PBXResourcesBuildPhase;
			buildActionMask = 2147483647;
			files = (
				18E748F32769157F0034F9A4 /* Main.storyboard in Resources */,
				18E748E32769102B0034F9A4 /* LaunchScreen.storyboard in Resources */,
				18E748E02769102B0034F9A4 /* Assets.xcassets in Resources */,
			);
			runOnlyForDeploymentPostprocessing = 0;
		};
/* End PBXResourcesBuildPhase section */

/* Begin PBXShellScriptBuildPhase section */
		4152D21ABBE6ACF8A55B0437 /* [CP] Embed Pods Frameworks */ = {
			isa = PBXShellScriptBuildPhase;
			buildActionMask = 2147483647;
			files = (
			);
			inputFileListPaths = (
				"${PODS_ROOT}/Target Support Files/Pods-armut/Pods-armut-frameworks-${CONFIGURATION}-input-files.xcfilelist",
			);
			name = "[CP] Embed Pods Frameworks";
			outputFileListPaths = (
				"${PODS_ROOT}/Target Support Files/Pods-armut/Pods-armut-frameworks-${CONFIGURATION}-output-files.xcfilelist",
			);
			runOnlyForDeploymentPostprocessing = 0;
			shellPath = /bin/sh;
			shellScript = "\"${PODS_ROOT}/Target Support Files/Pods-armut/Pods-armut-frameworks.sh\"\n";
			showEnvVarsInLog = 0;
		};
		68DEA1F579DD1A4FBB28AB7D /* [CP] Check Pods Manifest.lock */ = {
			isa = PBXShellScriptBuildPhase;
			buildActionMask = 2147483647;
			files = (
			);
			inputFileListPaths = (
			);
			inputPaths = (
				"${PODS_PODFILE_DIR_PATH}/Podfile.lock",
				"${PODS_ROOT}/Manifest.lock",
			);
			name = "[CP] Check Pods Manifest.lock";
			outputFileListPaths = (
			);
			outputPaths = (
				"$(DERIVED_FILE_DIR)/Pods-armut-checkManifestLockResult.txt",
			);
			runOnlyForDeploymentPostprocessing = 0;
			shellPath = /bin/sh;
			shellScript = "diff \"${PODS_PODFILE_DIR_PATH}/Podfile.lock\" \"${PODS_ROOT}/Manifest.lock\" > /dev/null\nif [ $? != 0 ] ; then\n    # print error to STDERR\n    echo \"error: The sandbox is not in sync with the Podfile.lock. Run 'pod install' or update your CocoaPods installation.\" >&2\n    exit 1\nfi\n# This output is used by Xcode 'outputs' to avoid re-running this script phase.\necho \"SUCCESS\" > \"${SCRIPT_OUTPUT_FILE_0}\"\n";
			showEnvVarsInLog = 0;
		};
/* End PBXShellScriptBuildPhase section */

/* Begin PBXSourcesBuildPhase section */
		18E748CF276910280034F9A4 /* Sources */ = {
			isa = PBXSourcesBuildPhase;
			buildActionMask = 2147483647;
			files = (
				18E748EF276915580034F9A4 /* MainViewController.swift in Sources */,
				18E748FF276A75C70034F9A4 /* Service.swift in Sources */,
				18E748D7276910280034F9A4 /* AppDelegate.swift in Sources */,
				18E748FD276A746B0034F9A4 /* List.swift in Sources */,
				18E748F8276A734D0034F9A4 /* NetworkManager.swift in Sources */,
				18E74905276A79880034F9A4 /* NetworkManager+JSON.swift in Sources */,
				18E748D9276910280034F9A4 /* SceneDelegate.swift in Sources */,
				18E74907276A7D950034F9A4 /* DetailViewController.swift in Sources */,
				18E748FA276A73550034F9A4 /* Response.swift in Sources */,
				18E74909276A7EE70034F9A4 /* DetailViewModel.swift in Sources */,
				18E748F5276A72850034F9A4 /* MainViewModel.swift in Sources */,
			);
			runOnlyForDeploymentPostprocessing = 0;
		};
/* End PBXSourcesBuildPhase section */

/* Begin PBXVariantGroup section */
		18E748E12769102B0034F9A4 /* LaunchScreen.storyboard */ = {
			isa = PBXVariantGroup;
			children = (
				18E748E22769102B0034F9A4 /* Base */,
			);
			name = LaunchScreen.storyboard;
			sourceTree = "<group>";
		};
/* End PBXVariantGroup section */

/* Begin XCBuildConfiguration section */
		18E748E52769102B0034F9A4 /* Debug */ = {
			isa = XCBuildConfiguration;
			buildSettings = {
				ALWAYS_SEARCH_USER_PATHS = NO;
				CLANG_ANALYZER_NONNULL = YES;
				CLANG_ANALYZER_NUMBER_OBJECT_CONVERSION = YES_AGGRESSIVE;
				CLANG_CXX_LANGUAGE_STANDARD = "gnu++17";
				CLANG_CXX_LIBRARY = "libc++";
				CLANG_ENABLE_MODULES = YES;
				CLANG_ENABLE_OBJC_ARC = YES;
				CLANG_ENABLE_OBJC_WEAK = YES;
				CLANG_WARN_BLOCK_CAPTURE_AUTORELEASING = YES;
				CLANG_WARN_BOOL_CONVERSION = YES;
				CLANG_WARN_COMMA = YES;
				CLANG_WARN_CONSTANT_CONVERSION = YES;
				CLANG_WARN_DEPRECATED_OBJC_IMPLEMENTATIONS = YES;
				CLANG_WARN_DIRECT_OBJC_ISA_USAGE = YES_ERROR;
				CLANG_WARN_DOCUMENTATION_COMMENTS = YES;
				CLANG_WARN_EMPTY_BODY = YES;
				CLANG_WARN_ENUM_CONVERSION = YES;
				CLANG_WARN_INFINITE_RECURSION = YES;
				CLANG_WARN_INT_CONVERSION = YES;
				CLANG_WARN_NON_LITERAL_NULL_CONVERSION = YES;
				CLANG_WARN_OBJC_IMPLICIT_RETAIN_SELF = YES;
				CLANG_WARN_OBJC_LITERAL_CONVERSION = YES;
				CLANG_WARN_OBJC_ROOT_CLASS = YES_ERROR;
				CLANG_WARN_QUOTED_INCLUDE_IN_FRAMEWORK_HEADER = YES;
				CLANG_WARN_RANGE_LOOP_ANALYSIS = YES;
				CLANG_WARN_STRICT_PROTOTYPES = YES;
				CLANG_WARN_SUSPICIOUS_MOVE = YES;
				CLANG_WARN_UNGUARDED_AVAILABILITY = YES_AGGRESSIVE;
				CLANG_WARN_UNREACHABLE_CODE = YES;
				CLANG_WARN__DUPLICATE_METHOD_MATCH = YES;
				COPY_PHASE_STRIP = NO;
				DEBUG_INFORMATION_FORMAT = dwarf;
				ENABLE_STRICT_OBJC_MSGSEND = YES;
				ENABLE_TESTABILITY = YES;
				GCC_C_LANGUAGE_STANDARD = gnu11;
				GCC_DYNAMIC_NO_PIC = NO;
				GCC_NO_COMMON_BLOCKS = YES;
				GCC_OPTIMIZATION_LEVEL = 0;
				GCC_PREPROCESSOR_DEFINITIONS = (
					"DEBUG=1",
					"$(inherited)",
				);
				GCC_WARN_64_TO_32_BIT_CONVERSION = YES;
				GCC_WARN_ABOUT_RETURN_TYPE = YES_ERROR;
				GCC_WARN_UNDECLARED_SELECTOR = YES;
				GCC_WARN_UNINITIALIZED_AUTOS = YES_AGGRESSIVE;
				GCC_WARN_UNUSED_FUNCTION = YES;
				GCC_WARN_UNUSED_VARIABLE = YES;
				IPHONEOS_DEPLOYMENT_TARGET = 15.0;
				MTL_ENABLE_DEBUG_INFO = INCLUDE_SOURCE;
				MTL_FAST_MATH = YES;
				ONLY_ACTIVE_ARCH = YES;
				SDKROOT = iphoneos;
				SWIFT_ACTIVE_COMPILATION_CONDITIONS = DEBUG;
				SWIFT_OPTIMIZATION_LEVEL = "-Onone";
			};
			name = Debug;
		};
		18E748E62769102B0034F9A4 /* Release */ = {
			isa = XCBuildConfiguration;
			buildSettings = {
				ALWAYS_SEARCH_USER_PATHS = NO;
				CLANG_ANALYZER_NONNULL = YES;
				CLANG_ANALYZER_NUMBER_OBJECT_CONVERSION = YES_AGGRESSIVE;
				CLANG_CXX_LANGUAGE_STANDARD = "gnu++17";
				CLANG_CXX_LIBRARY = "libc++";
				CLANG_ENABLE_MODULES = YES;
				CLANG_ENABLE_OBJC_ARC = YES;
				CLANG_ENABLE_OBJC_WEAK = YES;
				CLANG_WARN_BLOCK_CAPTURE_AUTORELEASING = YES;
				CLANG_WARN_BOOL_CONVERSION = YES;
				CLANG_WARN_COMMA = YES;
				CLANG_WARN_CONSTANT_CONVERSION = YES;
				CLANG_WARN_DEPRECATED_OBJC_IMPLEMENTATIONS = YES;
				CLANG_WARN_DIRECT_OBJC_ISA_USAGE = YES_ERROR;
				CLANG_WARN_DOCUMENTATION_COMMENTS = YES;
				CLANG_WARN_EMPTY_BODY = YES;
				CLANG_WARN_ENUM_CONVERSION = YES;
				CLANG_WARN_INFINITE_RECURSION = YES;
				CLANG_WARN_INT_CONVERSION = YES;
				CLANG_WARN_NON_LITERAL_NULL_CONVERSION = YES;
				CLANG_WARN_OBJC_IMPLICIT_RETAIN_SELF = YES;
				CLANG_WARN_OBJC_LITERAL_CONVERSION = YES;
				CLANG_WARN_OBJC_ROOT_CLASS = YES_ERROR;
				CLANG_WARN_QUOTED_INCLUDE_IN_FRAMEWORK_HEADER = YES;
				CLANG_WARN_RANGE_LOOP_ANALYSIS = YES;
				CLANG_WARN_STRICT_PROTOTYPES = YES;
				CLANG_WARN_SUSPICIOUS_MOVE = YES;
				CLANG_WARN_UNGUARDED_AVAILABILITY = YES_AGGRESSIVE;
				CLANG_WARN_UNREACHABLE_CODE = YES;
				CLANG_WARN__DUPLICATE_METHOD_MATCH = YES;
				COPY_PHASE_STRIP = NO;
				DEBUG_INFORMATION_FORMAT = "dwarf-with-dsym";
				ENABLE_NS_ASSERTIONS = NO;
				ENABLE_STRICT_OBJC_MSGSEND = YES;
				GCC_C_LANGUAGE_STANDARD = gnu11;
				GCC_NO_COMMON_BLOCKS = YES;
				GCC_WARN_64_TO_32_BIT_CONVERSION = YES;
				GCC_WARN_ABOUT_RETURN_TYPE = YES_ERROR;
				GCC_WARN_UNDECLARED_SELECTOR = YES;
				GCC_WARN_UNINITIALIZED_AUTOS = YES_AGGRESSIVE;
				GCC_WARN_UNUSED_FUNCTION = YES;
				GCC_WARN_UNUSED_VARIABLE = YES;
				IPHONEOS_DEPLOYMENT_TARGET = 15.0;
				MTL_ENABLE_DEBUG_INFO = NO;
				MTL_FAST_MATH = YES;
				SDKROOT = iphoneos;
				SWIFT_COMPILATION_MODE = wholemodule;
				SWIFT_OPTIMIZATION_LEVEL = "-O";
				VALIDATE_PRODUCT = YES;
			};
			name = Release;
		};
		18E748E82769102B0034F9A4 /* Debug */ = {
			isa = XCBuildConfiguration;
			baseConfigurationReference = 9610D1487CA4CB75E2DB8A36 /* Pods-armut.debug.xcconfig */;
			buildSettings = {
				ASSETCATALOG_COMPILER_APPICON_NAME = AppIcon;
				ASSETCATALOG_COMPILER_GLOBAL_ACCENT_COLOR_NAME = AccentColor;
				CODE_SIGN_STYLE = Automatic;
				CURRENT_PROJECT_VERSION = 1;
				DEVELOPMENT_TEAM = SJ2C8F39X6;
				GENERATE_INFOPLIST_FILE = YES;
				INFOPLIST_FILE = armut/Info.plist;
				INFOPLIST_KEY_UIApplicationSupportsIndirectInputEvents = YES;
				INFOPLIST_KEY_UILaunchStoryboardName = LaunchScreen;
				INFOPLIST_KEY_UIMainStoryboardFile = Main;
				INFOPLIST_KEY_UISupportedInterfaceOrientations_iPad = "UIInterfaceOrientationPortrait UIInterfaceOrientationPortraitUpsideDown UIInterfaceOrientationLandscapeLeft UIInterfaceOrientationLandscapeRight";
				INFOPLIST_KEY_UISupportedInterfaceOrientations_iPhone = "UIInterfaceOrientationPortrait UIInterfaceOrientationLandscapeLeft UIInterfaceOrientationLandscapeRight";
				LD_RUNPATH_SEARCH_PATHS = (
					"$(inherited)",
					"@executable_path/Frameworks",
				);
				MARKETING_VERSION = 1.0;
				PRODUCT_BUNDLE_IDENTIFIER = none.armut;
				PRODUCT_NAME = "$(TARGET_NAME)";
				SWIFT_EMIT_LOC_STRINGS = YES;
				SWIFT_VERSION = 5.0;
				TARGETED_DEVICE_FAMILY = "1,2";
			};
			name = Debug;
		};
		18E748E92769102B0034F9A4 /* Release */ = {
			isa = XCBuildConfiguration;
			baseConfigurationReference = 6FB492D2FD98A727F0D7D631 /* Pods-armut.release.xcconfig */;
			buildSettings = {
				ASSETCATALOG_COMPILER_APPICON_NAME = AppIcon;
				ASSETCATALOG_COMPILER_GLOBAL_ACCENT_COLOR_NAME = AccentColor;
				CODE_SIGN_STYLE = Automatic;
				CURRENT_PROJECT_VERSION = 1;
				DEVELOPMENT_TEAM = SJ2C8F39X6;
				GENERATE_INFOPLIST_FILE = YES;
				INFOPLIST_FILE = armut/Info.plist;
				INFOPLIST_KEY_UIApplicationSupportsIndirectInputEvents = YES;
				INFOPLIST_KEY_UILaunchStoryboardName = LaunchScreen;
				INFOPLIST_KEY_UIMainStoryboardFile = Main;
				INFOPLIST_KEY_UISupportedInterfaceOrientations_iPad = "UIInterfaceOrientationPortrait UIInterfaceOrientationPortraitUpsideDown UIInterfaceOrientationLandscapeLeft UIInterfaceOrientationLandscapeRight";
				INFOPLIST_KEY_UISupportedInterfaceOrientations_iPhone = "UIInterfaceOrientationPortrait UIInterfaceOrientationLandscapeLeft UIInterfaceOrientationLandscapeRight";
				LD_RUNPATH_SEARCH_PATHS = (
					"$(inherited)",
					"@executable_path/Frameworks",
				);
				MARKETING_VERSION = 1.0;
				PRODUCT_BUNDLE_IDENTIFIER = none.armut;
				PRODUCT_NAME = "$(TARGET_NAME)";
				SWIFT_EMIT_LOC_STRINGS = YES;
				SWIFT_VERSION = 5.0;
				TARGETED_DEVICE_FAMILY = "1,2";
			};
			name = Release;
		};
/* End XCBuildConfiguration section */

/* Begin XCConfigurationList section */
		18E748CE276910280034F9A4 /* Build configuration list for PBXProject "armut" */ = {
			isa = XCConfigurationList;
			buildConfigurations = (
				18E748E52769102B0034F9A4 /* Debug */,
				18E748E62769102B0034F9A4 /* Release */,
			);
			defaultConfigurationIsVisible = 0;
			defaultConfigurationName = Release;
		};
		18E748E72769102B0034F9A4 /* Build configuration list for PBXNativeTarget "armut" */ = {
			isa = XCConfigurationList;
			buildConfigurations = (
				18E748E82769102B0034F9A4 /* Debug */,
				18E748E92769102B0034F9A4 /* Release */,
			);
			defaultConfigurationIsVisible = 0;
			defaultConfigurationName = Release;
		};
/* End XCConfigurationList section */
	};
	rootObject = 18E748CB276910280034F9A4 /* Project object */;
}
